// !$*UTF8*$!
{
	archiveVersion = 1;
	classes = {
	};
	objectVersion = 50;
	objects = {

/* Begin PBXBuildFile section */
		F8F41EFB20C7F19700C00330 /* AppDelegate.swift in Sources */ = {isa = PBXBuildFile; fileRef = F8F41EFA20C7F19700C00330 /* AppDelegate.swift */; };
		F8F41EFD20C7F19800C00330 /* Assets.xcassets in Resources */ = {isa = PBXBuildFile; fileRef = F8F41EFC20C7F19800C00330 /* Assets.xcassets */; };
		F8F41F0020C7F19800C00330 /* MainMenu.xib in Resources */ = {isa = PBXBuildFile; fileRef = F8F41EFE20C7F19800C00330 /* MainMenu.xib */; };
		F8F41F0F20C7F1BC00C00330 /* Cocoa.framework in Frameworks */ = {isa = PBXBuildFile; fileRef = F8F41F0E20C7F1BC00C00330 /* Cocoa.framework */; };
		F8F41F1220C7F1BC00C00330 /* SourceEditorExtension.swift in Sources */ = {isa = PBXBuildFile; fileRef = F8F41F1120C7F1BC00C00330 /* SourceEditorExtension.swift */; };
		F8F41F1420C7F1BC00C00330 /* SourceEditorCommand.swift in Sources */ = {isa = PBXBuildFile; fileRef = F8F41F1320C7F1BC00C00330 /* SourceEditorCommand.swift */; };
		F8F41F1920C7F1BC00C00330 /* LocalizableStringsSorterExtension.appex in Embed App Extensions */ = {isa = PBXBuildFile; fileRef = F8F41F0C20C7F1BC00C00330 /* LocalizableStringsSorterExtension.appex */; settings = {ATTRIBUTES = (RemoveHeadersOnCopy, ); }; };
/* End PBXBuildFile section */

/* Begin PBXContainerItemProxy section */
		F8F41F1720C7F1BC00C00330 /* PBXContainerItemProxy */ = {
			isa = PBXContainerItemProxy;
			containerPortal = F8F41EEF20C7F19700C00330 /* Project object */;
			proxyType = 1;
			remoteGlobalIDString = F8F41F0B20C7F1BC00C00330;
			remoteInfo = LocalizableStringsSorterExtension;
		};
/* End PBXContainerItemProxy section */

/* Begin PBXCopyFilesBuildPhase section */
		F8F41F1D20C7F1BC00C00330 /* Embed App Extensions */ = {
			isa = PBXCopyFilesBuildPhase;
			buildActionMask = 2147483647;
			dstPath = "";
			dstSubfolderSpec = 13;
			files = (
				F8F41F1920C7F1BC00C00330 /* LocalizableStringsSorterExtension.appex in Embed App Extensions */,
			);
			name = "Embed App Extensions";
			runOnlyForDeploymentPostprocessing = 0;
		};
/* End PBXCopyFilesBuildPhase section */

/* Begin PBXFileReference section */
		F8F41EF720C7F19700C00330 /* LocalizableStringsSorter.app */ = {isa = PBXFileReference; explicitFileType = wrapper.application; includeInIndex = 0; path = LocalizableStringsSorter.app; sourceTree = BUILT_PRODUCTS_DIR; };
		F8F41EFA20C7F19700C00330 /* AppDelegate.swift */ = {isa = PBXFileReference; lastKnownFileType = sourcecode.swift; path = AppDelegate.swift; sourceTree = "<group>"; };
		F8F41EFC20C7F19800C00330 /* Assets.xcassets */ = {isa = PBXFileReference; lastKnownFileType = folder.assetcatalog; path = Assets.xcassets; sourceTree = "<group>"; };
		F8F41EFF20C7F19800C00330 /* Base */ = {isa = PBXFileReference; lastKnownFileType = file.xib; name = Base; path = Base.lproj/MainMenu.xib; sourceTree = "<group>"; };
		F8F41F0120C7F19800C00330 /* Info.plist */ = {isa = PBXFileReference; lastKnownFileType = text.plist.xml; path = Info.plist; sourceTree = "<group>"; };
		F8F41F0220C7F19800C00330 /* LocalizableStringsSorter.entitlements */ = {isa = PBXFileReference; lastKnownFileType = text.plist.entitlements; path = LocalizableStringsSorter.entitlements; sourceTree = "<group>"; };
		F8F41F0C20C7F1BC00C00330 /* LocalizableStringsSorterExtension.appex */ = {isa = PBXFileReference; explicitFileType = "wrapper.app-extension"; includeInIndex = 0; path = LocalizableStringsSorterExtension.appex; sourceTree = BUILT_PRODUCTS_DIR; };
		F8F41F0E20C7F1BC00C00330 /* Cocoa.framework */ = {isa = PBXFileReference; lastKnownFileType = wrapper.framework; name = Cocoa.framework; path = System/Library/Frameworks/Cocoa.framework; sourceTree = SDKROOT; };
		F8F41F1120C7F1BC00C00330 /* SourceEditorExtension.swift */ = {isa = PBXFileReference; lastKnownFileType = sourcecode.swift; path = SourceEditorExtension.swift; sourceTree = "<group>"; };
		F8F41F1320C7F1BC00C00330 /* SourceEditorCommand.swift */ = {isa = PBXFileReference; lastKnownFileType = sourcecode.swift; path = SourceEditorCommand.swift; sourceTree = "<group>"; };
		F8F41F1520C7F1BC00C00330 /* Info.plist */ = {isa = PBXFileReference; lastKnownFileType = text.plist.xml; path = Info.plist; sourceTree = "<group>"; };
		F8F41F1620C7F1BC00C00330 /* LocalizableStringsSorterExtension.entitlements */ = {isa = PBXFileReference; lastKnownFileType = text.plist.entitlements; path = LocalizableStringsSorterExtension.entitlements; sourceTree = "<group>"; };
/* End PBXFileReference section */

/* Begin PBXFrameworksBuildPhase section */
		F8F41EF420C7F19700C00330 /* Frameworks */ = {
			isa = PBXFrameworksBuildPhase;
			buildActionMask = 2147483647;
			files = (
			);
			runOnlyForDeploymentPostprocessing = 0;
		};
		F8F41F0920C7F1BC00C00330 /* Frameworks */ = {
			isa = PBXFrameworksBuildPhase;
			buildActionMask = 2147483647;
			files = (
				F8F41F0F20C7F1BC00C00330 /* Cocoa.framework in Frameworks */,
			);
			runOnlyForDeploymentPostprocessing = 0;
		};
/* End PBXFrameworksBuildPhase section */

/* Begin PBXGroup section */
		F8F41EEE20C7F19700C00330 = {
			isa = PBXGroup;
			children = (
				F8F41EF920C7F19700C00330 /* LocalizableStringsSorter */,
				F8F41F1020C7F1BC00C00330 /* LocalizableStringsSorterExtension */,
				F8F41F0D20C7F1BC00C00330 /* Frameworks */,
				F8F41EF820C7F19700C00330 /* Products */,
			);
			sourceTree = "<group>";
		};
		F8F41EF820C7F19700C00330 /* Products */ = {
			isa = PBXGroup;
			children = (
				F8F41EF720C7F19700C00330 /* LocalizableStringsSorter.app */,
				F8F41F0C20C7F1BC00C00330 /* LocalizableStringsSorterExtension.appex */,
			);
			name = Products;
			sourceTree = "<group>";
		};
		F8F41EF920C7F19700C00330 /* LocalizableStringsSorter */ = {
			isa = PBXGroup;
			children = (
				F8F41EFA20C7F19700C00330 /* AppDelegate.swift */,
				F8F41EFC20C7F19800C00330 /* Assets.xcassets */,
				F8F41EFE20C7F19800C00330 /* MainMenu.xib */,
				F8F41F0120C7F19800C00330 /* Info.plist */,
				F8F41F0220C7F19800C00330 /* LocalizableStringsSorter.entitlements */,
			);
			path = LocalizableStringsSorter;
			sourceTree = "<group>";
		};
		F8F41F0D20C7F1BC00C00330 /* Frameworks */ = {
			isa = PBXGroup;
			children = (
				F8F41F0E20C7F1BC00C00330 /* Cocoa.framework */,
			);
			name = Frameworks;
			sourceTree = "<group>";
		};
		F8F41F1020C7F1BC00C00330 /* LocalizableStringsSorterExtension */ = {
			isa = PBXGroup;
			children = (
				F8F41F1120C7F1BC00C00330 /* SourceEditorExtension.swift */,
				F8F41F1320C7F1BC00C00330 /* SourceEditorCommand.swift */,
				F8F41F1520C7F1BC00C00330 /* Info.plist */,
				F8F41F1620C7F1BC00C00330 /* LocalizableStringsSorterExtension.entitlements */,
			);
			path = LocalizableStringsSorterExtension;
			sourceTree = "<group>";
		};
/* End PBXGroup section */

/* Begin PBXNativeTarget section */
		F8F41EF620C7F19700C00330 /* LocalizableStringsSorter */ = {
			isa = PBXNativeTarget;
			buildConfigurationList = F8F41F0520C7F19800C00330 /* Build configuration list for PBXNativeTarget "LocalizableStringsSorter" */;
			buildPhases = (
				F8F41EF320C7F19700C00330 /* Sources */,
				F8F41EF420C7F19700C00330 /* Frameworks */,
				F8F41EF520C7F19700C00330 /* Resources */,
				F8F41F1D20C7F1BC00C00330 /* Embed App Extensions */,
			);
			buildRules = (
			);
			dependencies = (
				F8F41F1820C7F1BC00C00330 /* PBXTargetDependency */,
			);
			name = LocalizableStringsSorter;
			productName = LocalizableStringsSorter;
			productReference = F8F41EF720C7F19700C00330 /* LocalizableStringsSorter.app */;
			productType = "com.apple.product-type.application";
		};
		F8F41F0B20C7F1BC00C00330 /* LocalizableStringsSorterExtension */ = {
			isa = PBXNativeTarget;
			buildConfigurationList = F8F41F1A20C7F1BC00C00330 /* Build configuration list for PBXNativeTarget "LocalizableStringsSorterExtension" */;
			buildPhases = (
				F8F41F0820C7F1BC00C00330 /* Sources */,
				F8F41F0920C7F1BC00C00330 /* Frameworks */,
				F8F41F0A20C7F1BC00C00330 /* Resources */,
			);
			buildRules = (
			);
			dependencies = (
			);
			name = LocalizableStringsSorterExtension;
			productName = LocalizableStringsSorterExtension;
			productReference = F8F41F0C20C7F1BC00C00330 /* LocalizableStringsSorterExtension.appex */;
			productType = "com.apple.product-type.xcode-extension";
		};
/* End PBXNativeTarget section */

/* Begin PBXProject section */
		F8F41EEF20C7F19700C00330 /* Project object */ = {
			isa = PBXProject;
			attributes = {
				LastSwiftUpdateCheck = 0940;
				LastUpgradeCheck = 1210;
				ORGANIZATIONNAME = "Guy Kogus";
				TargetAttributes = {
					F8F41EF620C7F19700C00330 = {
						CreatedOnToolsVersion = 9.4;
						LastSwiftMigration = 1210;
					};
					F8F41F0B20C7F1BC00C00330 = {
						CreatedOnToolsVersion = 9.4;
						LastSwiftMigration = 1210;
					};
				};
			};
			buildConfigurationList = F8F41EF220C7F19700C00330 /* Build configuration list for PBXProject "LocalizableStringsSorter" */;
			compatibilityVersion = "Xcode 9.3";
			developmentRegion = en;
			hasScannedForEncodings = 0;
			knownRegions = (
				en,
				Base,
			);
			mainGroup = F8F41EEE20C7F19700C00330;
			productRefGroup = F8F41EF820C7F19700C00330 /* Products */;
			projectDirPath = "";
			projectRoot = "";
			targets = (
				F8F41EF620C7F19700C00330 /* LocalizableStringsSorter */,
				F8F41F0B20C7F1BC00C00330 /* LocalizableStringsSorterExtension */,
			);
		};
/* End PBXProject section */

/* Begin PBXResourcesBuildPhase section */
		F8F41EF520C7F19700C00330 /* Resources */ = {
			isa = PBXResourcesBuildPhase;
			buildActionMask = 2147483647;
			files = (
				F8F41EFD20C7F19800C00330 /* Assets.xcassets in Resources */,
				F8F41F0020C7F19800C00330 /* MainMenu.xib in Resources */,
			);
			runOnlyForDeploymentPostprocessing = 0;
		};
		F8F41F0A20C7F1BC00C00330 /* Resources */ = {
			isa = PBXResourcesBuildPhase;
			buildActionMask = 2147483647;
			files = (
			);
			runOnlyForDeploymentPostprocessing = 0;
		};
/* End PBXResourcesBuildPhase section */

/* Begin PBXSourcesBuildPhase section */
		F8F41EF320C7F19700C00330 /* Sources */ = {
			isa = PBXSourcesBuildPhase;
			buildActionMask = 2147483647;
			files = (
				F8F41EFB20C7F19700C00330 /* AppDelegate.swift in Sources */,
			);
			runOnlyForDeploymentPostprocessing = 0;
		};
		F8F41F0820C7F1BC00C00330 /* Sources */ = {
			isa = PBXSourcesBuildPhase;
			buildActionMask = 2147483647;
			files = (
				F8F41F1220C7F1BC00C00330 /* SourceEditorExtension.swift in Sources */,
				F8F41F1420C7F1BC00C00330 /* SourceEditorCommand.swift in Sources */,
			);
			runOnlyForDeploymentPostprocessing = 0;
		};
/* End PBXSourcesBuildPhase section */

/* Begin PBXTargetDependency section */
		F8F41F1820C7F1BC00C00330 /* PBXTargetDependency */ = {
			isa = PBXTargetDependency;
			target = F8F41F0B20C7F1BC00C00330 /* LocalizableStringsSorterExtension */;
			targetProxy = F8F41F1720C7F1BC00C00330 /* PBXContainerItemProxy */;
		};
/* End PBXTargetDependency section */

/* Begin PBXVariantGroup section */
		F8F41EFE20C7F19800C00330 /* MainMenu.xib */ = {
			isa = PBXVariantGroup;
			children = (
				F8F41EFF20C7F19800C00330 /* Base */,
			);
			name = MainMenu.xib;
			sourceTree = "<group>";
		};
/* End PBXVariantGroup section */

/* Begin XCBuildConfiguration section */
		F8F41F0320C7F19800C00330 /* Debug */ = {
			isa = XCBuildConfiguration;
			buildSettings = {
				ALWAYS_SEARCH_USER_PATHS = NO;
				CLANG_ANALYZER_NONNULL = YES;
				CLANG_ANALYZER_NUMBER_OBJECT_CONVERSION = YES_AGGRESSIVE;
				CLANG_CXX_LANGUAGE_STANDARD = "gnu++14";
				CLANG_CXX_LIBRARY = "libc++";
				CLANG_ENABLE_MODULES = YES;
				CLANG_ENABLE_OBJC_ARC = YES;
				CLANG_ENABLE_OBJC_WEAK = YES;
				CLANG_WARN_BLOCK_CAPTURE_AUTORELEASING = YES;
				CLANG_WARN_BOOL_CONVERSION = YES;
				CLANG_WARN_COMMA = YES;
				CLANG_WARN_CONSTANT_CONVERSION = YES;
				CLANG_WARN_DEPRECATED_OBJC_IMPLEMENTATIONS = YES;
				CLANG_WARN_DIRECT_OBJC_ISA_USAGE = YES_ERROR;
				CLANG_WARN_DOCUMENTATION_COMMENTS = YES;
				CLANG_WARN_EMPTY_BODY = YES;
				CLANG_WARN_ENUM_CONVERSION = YES;
				CLANG_WARN_INFINITE_RECURSION = YES;
				CLANG_WARN_INT_CONVERSION = YES;
				CLANG_WARN_NON_LITERAL_NULL_CONVERSION = YES;
				CLANG_WARN_OBJC_IMPLICIT_RETAIN_SELF = YES;
				CLANG_WARN_OBJC_LITERAL_CONVERSION = YES;
				CLANG_WARN_OBJC_ROOT_CLASS = YES_ERROR;
				CLANG_WARN_QUOTED_INCLUDE_IN_FRAMEWORK_HEADER = YES;
				CLANG_WARN_RANGE_LOOP_ANALYSIS = YES;
				CLANG_WARN_STRICT_PROTOTYPES = YES;
				CLANG_WARN_SUSPICIOUS_MOVE = YES;
				CLANG_WARN_UNGUARDED_AVAILABILITY = YES_AGGRESSIVE;
				CLANG_WARN_UNREACHABLE_CODE = YES;
				CLANG_WARN__DUPLICATE_METHOD_MATCH = YES;
				CODE_SIGN_IDENTITY = "-";
				COPY_PHASE_STRIP = NO;
				DEBUG_INFORMATION_FORMAT = dwarf;
				ENABLE_STRICT_OBJC_MSGSEND = YES;
				ENABLE_TESTABILITY = YES;
				GCC_C_LANGUAGE_STANDARD = gnu11;
				GCC_DYNAMIC_NO_PIC = NO;
				GCC_NO_COMMON_BLOCKS = YES;
				GCC_OPTIMIZATION_LEVEL = 0;
				GCC_PREPROCESSOR_DEFINITIONS = (
					"DEBUG=1",
					"$(inherited)",
				);
				GCC_WARN_64_TO_32_BIT_CONVERSION = YES;
				GCC_WARN_ABOUT_RETURN_TYPE = YES_ERROR;
				GCC_WARN_UNDECLARED_SELECTOR = YES;
				GCC_WARN_UNINITIALIZED_AUTOS = YES_AGGRESSIVE;
				GCC_WARN_UNUSED_FUNCTION = YES;
				GCC_WARN_UNUSED_VARIABLE = YES;
				MACOSX_DEPLOYMENT_TARGET = 10.15;
				MTL_ENABLE_DEBUG_INFO = YES;
				ONLY_ACTIVE_ARCH = YES;
				SDKROOT = macosx;
				SWIFT_ACTIVE_COMPILATION_CONDITIONS = DEBUG;
				SWIFT_OPTIMIZATION_LEVEL = "-Onone";
			};
			name = Debug;
		};
		F8F41F0420C7F19800C00330 /* Release */ = {
			isa = XCBuildConfiguration;
			buildSettings = {
				ALWAYS_SEARCH_USER_PATHS = NO;
				CLANG_ANALYZER_NONNULL = YES;
				CLANG_ANALYZER_NUMBER_OBJECT_CONVERSION = YES_AGGRESSIVE;
				CLANG_CXX_LANGUAGE_STANDARD = "gnu++14";
				CLANG_CXX_LIBRARY = "libc++";
				CLANG_ENABLE_MODULES = YES;
				CLANG_ENABLE_OBJC_ARC = YES;
				CLANG_ENABLE_OBJC_WEAK = YES;
				CLANG_WARN_BLOCK_CAPTURE_AUTORELEASING = YES;
				CLANG_WARN_BOOL_CONVERSION = YES;
				CLANG_WARN_COMMA = YES;
				CLANG_WARN_CONSTANT_CONVERSION = YES;
				CLANG_WARN_DEPRECATED_OBJC_IMPLEMENTATIONS = YES;
				CLANG_WARN_DIRECT_OBJC_ISA_USAGE = YES_ERROR;
				CLANG_WARN_DOCUMENTATION_COMMENTS = YES;
				CLANG_WARN_EMPTY_BODY = YES;
				CLANG_WARN_ENUM_CONVERSION = YES;
				CLANG_WARN_INFINITE_RECURSION = YES;
				CLANG_WARN_INT_CONVERSION = YES;
				CLANG_WARN_NON_LITERAL_NULL_CONVERSION = YES;
				CLANG_WARN_OBJC_IMPLICIT_RETAIN_SELF = YES;
				CLANG_WARN_OBJC_LITERAL_CONVERSION = YES;
				CLANG_WARN_OBJC_ROOT_CLASS = YES_ERROR;
				CLANG_WARN_QUOTED_INCLUDE_IN_FRAMEWORK_HEADER = YES;
				CLANG_WARN_RANGE_LOOP_ANALYSIS = YES;
				CLANG_WARN_STRICT_PROTOTYPES = YES;
				CLANG_WARN_SUSPICIOUS_MOVE = YES;
				CLANG_WARN_UNGUARDED_AVAILABILITY = YES_AGGRESSIVE;
				CLANG_WARN_UNREACHABLE_CODE = YES;
				CLANG_WARN__DUPLICATE_METHOD_MATCH = YES;
				CODE_SIGN_IDENTITY = "-";
				COPY_PHASE_STRIP = NO;
				DEBUG_INFORMATION_FORMAT = "dwarf-with-dsym";
				ENABLE_NS_ASSERTIONS = NO;
				ENABLE_STRICT_OBJC_MSGSEND = YES;
				GCC_C_LANGUAGE_STANDARD = gnu11;
				GCC_NO_COMMON_BLOCKS = YES;
				GCC_WARN_64_TO_32_BIT_CONVERSION = YES;
				GCC_WARN_ABOUT_RETURN_TYPE = YES_ERROR;
				GCC_WARN_UNDECLARED_SELECTOR = YES;
				GCC_WARN_UNINITIALIZED_AUTOS = YES_AGGRESSIVE;
				GCC_WARN_UNUSED_FUNCTION = YES;
				GCC_WARN_UNUSED_VARIABLE = YES;
				MACOSX_DEPLOYMENT_TARGET = 10.15;
				MTL_ENABLE_DEBUG_INFO = NO;
				SDKROOT = macosx;
				SWIFT_COMPILATION_MODE = wholemodule;
				SWIFT_OPTIMIZATION_LEVEL = "-O";
			};
			name = Release;
		};
		F8F41F0620C7F19800C00330 /* Debug */ = {
			isa = XCBuildConfiguration;
			buildSettings = {
				ALWAYS_EMBED_SWIFT_STANDARD_LIBRARIES = YES;
				ASSETCATALOG_COMPILER_APPICON_NAME = AppIcon;
				CODE_SIGN_ENTITLEMENTS = LocalizableStringsSorter/LocalizableStringsSorter.entitlements;
				CODE_SIGN_IDENTITY = "Mac Developer";
				CODE_SIGN_STYLE = Automatic;
				COMBINE_HIDPI_IMAGES = YES;
				DEVELOPMENT_TEAM = P76UMZDLW3;
				ENABLE_HARDENED_RUNTIME = YES;
				INFOPLIST_FILE = LocalizableStringsSorter/Info.plist;
				LD_RUNPATH_SEARCH_PATHS = (
					"$(inherited)",
					"@executable_path/../Frameworks",
				);
				PRODUCT_BUNDLE_IDENTIFIER = com.kogus.LocalizableStringsSorter;
				PRODUCT_NAME = "$(TARGET_NAME)";
				PROVISIONING_PROFILE_SPECIFIER = "";
				SWIFT_VERSION = 5.0;
			};
			name = Debug;
		};
		F8F41F0720C7F19800C00330 /* Release */ = {
			isa = XCBuildConfiguration;
			buildSettings = {
				ALWAYS_EMBED_SWIFT_STANDARD_LIBRARIES = YES;
				ASSETCATALOG_COMPILER_APPICON_NAME = AppIcon;
				CODE_SIGN_ENTITLEMENTS = LocalizableStringsSorter/LocalizableStringsSorter.entitlements;
				CODE_SIGN_IDENTITY = "Mac Developer";
				CODE_SIGN_STYLE = Automatic;
				COMBINE_HIDPI_IMAGES = YES;
				DEVELOPMENT_TEAM = P76UMZDLW3;
				ENABLE_HARDENED_RUNTIME = YES;
				INFOPLIST_FILE = LocalizableStringsSorter/Info.plist;
				LD_RUNPATH_SEARCH_PATHS = (
					"$(inherited)",
					"@executable_path/../Frameworks",
				);
				PRODUCT_BUNDLE_IDENTIFIER = com.kogus.LocalizableStringsSorter;
				PRODUCT_NAME = "$(TARGET_NAME)";
				PROVISIONING_PROFILE_SPECIFIER = "";
				SWIFT_VERSION = 5.0;
			};
			name = Release;
		};
		F8F41F1B20C7F1BC00C00330 /* Debug */ = {
			isa = XCBuildConfiguration;
			buildSettings = {
				CODE_SIGN_ENTITLEMENTS = LocalizableStringsSorterExtension/LocalizableStringsSorterExtension.entitlements;
				CODE_SIGN_IDENTITY = "Mac Developer";
				CODE_SIGN_STYLE = Automatic;
				COMBINE_HIDPI_IMAGES = YES;
				DEVELOPMENT_TEAM = P76UMZDLW3;
				ENABLE_HARDENED_RUNTIME = YES;
				INFOPLIST_FILE = LocalizableStringsSorterExtension/Info.plist;
				LD_RUNPATH_SEARCH_PATHS = (
					"$(inherited)",
					"@executable_path/../Frameworks",
					"@executable_path/../../../../Frameworks",
				);
				PRODUCT_BUNDLE_IDENTIFIER = com.kogus.LocalizableStringsSorter.LocalizableStringsSorterExtension;
				PRODUCT_NAME = "$(TARGET_NAME)";
				SKIP_INSTALL = YES;
				SWIFT_VERSION = 5.0;
			};
			name = Debug;
		};
		F8F41F1C20C7F1BC00C00330 /* Release */ = {
			isa = XCBuildConfiguration;
			buildSettings = {
				CODE_SIGN_ENTITLEMENTS = LocalizableStringsSorterExtension/LocalizableStringsSorterExtension.entitlements;
				CODE_SIGN_IDENTITY = "Mac Developer";
				CODE_SIGN_STYLE = Automatic;
				COMBINE_HIDPI_IMAGES = YES;
				DEVELOPMENT_TEAM = P76UMZDLW3;
				ENABLE_HARDENED_RUNTIME = YES;
				INFOPLIST_FILE = LocalizableStringsSorterExtension/Info.plist;
				LD_RUNPATH_SEARCH_PATHS = (
					"$(inherited)",
					"@executable_path/../Frameworks",
					"@executable_path/../../../../Frameworks",
				);
				PRODUCT_BUNDLE_IDENTIFIER = com.kogus.LocalizableStringsSorter.LocalizableStringsSorterExtension;
				PRODUCT_NAME = "$(TARGET_NAME)";
				SKIP_INSTALL = YES;
				SWIFT_VERSION = 5.0;
			};
			name = Release;
		};
/* End XCBuildConfiguration section */

/* Begin XCConfigurationList section */
		F8F41EF220C7F19700C00330 /* Build configuration list for PBXProject "LocalizableStringsSorter" */ = {
			isa = XCConfigurationList;
			buildConfigurations = (
				F8F41F0320C7F19800C00330 /* Debug */,
				F8F41F0420C7F19800C00330 /* Release */,
			);
			defaultConfigurationIsVisible = 0;
			defaultConfigurationName = Release;
		};
		F8F41F0520C7F19800C00330 /* Build configuration list for PBXNativeTarget "LocalizableStringsSorter" */ = {
			isa = XCConfigurationList;
			buildConfigurations = (
				F8F41F0620C7F19800C00330 /* Debug */,
				F8F41F0720C7F19800C00330 /* Release */,
			);
			defaultConfigurationIsVisible = 0;
			defaultConfigurationName = Release;
		};
		F8F41F1A20C7F1BC00C00330 /* Build configuration list for PBXNativeTarget "LocalizableStringsSorterExtension" */ = {
			isa = XCConfigurationList;
			buildConfigurations = (
				F8F41F1B20C7F1BC00C00330 /* Debug */,
				F8F41F1C20C7F1BC00C00330 /* Release */,
			);
			defaultConfigurationIsVisible = 0;
			defaultConfigurationName = Release;
		};
/* End XCConfigurationList section */
	};
	rootObject = F8F41EEF20C7F19700C00330 /* Project object */;
}
